---
path: ".gem_rbs_collection"
gems:
- name: actionpack
  version: '7.2'
  source:
    type: git
    name: ruby/gem_rbs_collection
    revision: d7090c40bcea7011ad2ebaaa46bdd7d7ac3136a7
    remote: https://github.com/ruby/gem_rbs_collection.git
    repo_dir: gems
- name: actionview
  version: '6.0'
  source:
    type: git
    name: ruby/gem_rbs_collection
    revision: d7090c40bcea7011ad2ebaaa46bdd7d7ac3136a7
    remote: https://github.com/ruby/gem_rbs_collection.git
    repo_dir: gems
- name: activemodel
  version: '7.1'
  source:
    type: git
    name: ruby/gem_rbs_collection
    revision: d7090c40bcea7011ad2ebaaa46bdd7d7ac3136a7
    remote: https://github.com/ruby/gem_rbs_collection.git
    repo_dir: gems
- name: activesupport
  version: '7.0'
  source:
    type: git
    name: ruby/gem_rbs_collection
    revision: d7090c40bcea7011ad2ebaaa46bdd7d7ac3136a7
    remote: https://github.com/ruby/gem_rbs_collection.git
    repo_dir: gems
- name: ast
  version: '2.4'
  source:
    type: git
    name: ruby/gem_rbs_collection
    revision: d7090c40bcea7011ad2ebaaa46bdd7d7ac3136a7
    remote: https://github.com/ruby/gem_rbs_collection.git
    repo_dir: gems
- name: base64
  version: 0.3.0
  source:
    type: rubygems
- name: benchmark
  version: '0'
  source:
    type: stdlib
- name: bigdecimal
  version: 4.1.2
  source:
    type: rubygems
- name: binding_of_caller
  version: '1.0'
  source:
    type: git
    name: ruby/gem_rbs_collection
    revision: d7090c40bcea7011ad2ebaaa46bdd7d7ac3136a7
    remote: https://github.com/ruby/gem_rbs_collection.git
    repo_dir: gems
- name: date
  version: '0'
  source:
    type: stdlib
- name: digest
  version: '0'
  source:
    type: stdlib
- name: erb
  version: '0'
  source:
    type: stdlib
- name: i18n
  version: '1.10'
  source:
    type: git
    name: ruby/gem_rbs_collection
    revision: d7090c40bcea7011ad2ebaaa46bdd7d7ac3136a7
    remote: https://github.com/ruby/gem_rbs_collection.git
    repo_dir: gems
- name: logger
  version: '1.7'
  source:
    type: git
    name: ruby/gem_rbs_collection
    revision: d7090c40bcea7011ad2ebaaa46bdd7d7ac3136a7
    remote: https://github.com/ruby/gem_rbs_collection.git
    repo_dir: gems
- name: monitor
  version: '0'
  source:
    type: stdlib
- name: openssl
  version: '0'
  source:
    type: stdlib
- name: parser
  version: '3.2'
  source:
    type: git
    name: ruby/gem_rbs_collection
    revision: d7090c40bcea7011ad2ebaaa46bdd7d7ac3136a7
    remote: https://github.com/ruby/gem_rbs_collection.git
    repo_dir: gems
- name: prism
  version: 1.9.0
  source:
    type: rubygems
- name: random-formatter
  version: '0'
  source:
    type: stdlib
- name: rspec-parameterized-core
  version: 2.0.2
  source:
    type: rubygems
- name: rspec-parameterized-table_syntax
  version: 2.1.1
  source:
    type: rubygems
- name: securerandom
  version: '0'
  source:
    type: stdlib
- name: singleton
  version: '0'
  source:
    type: stdlib
- name: socket
  version: '0'
  source:
    type: stdlib
- name: stringio
  version: '0'
  source:
    type: stdlib
- name: time
  version: '0'
  source:
    type: stdlib
- name: tzinfo
  version: '2.0'
  source:
    type: git
    name: ruby/gem_rbs_collection
    revision: d7090c40bcea7011ad2ebaaa46bdd7d7ac3136a7
    remote: https://github.com/ruby/gem_rbs_collection.git
    repo_dir: gems
- name: uri
  version: '0'
  source:
    type: stdlib
gemfile_lock_path: Gemfile.lock
